
Microsoft Visual Studio Solution File, Format Version 12.00
# Visual Studio Version 16
VisualStudioVersion = 16.0.31702.278
MinimumVisualStudioVersion = 10.0.40219.1
Project("{9A19103F-16F7-4668-BE54-9A1E7A4F7556}") = "RX0T7Y_HFT_2021221.Client", "RX0T7Y_HFT_2021221.Client\RX0T7Y_HFT_2021221.Client.csproj", "{48AD3838-2FB5-47F6-B126-EEE1DA79655F}"
EndProject
Project("{9A19103F-16F7-4668-BE54-9A1E7A4F7556}") = "RX0T7Y_HFT_2021221.Models", "RX0T7Y_HFT_2021221.Models\RX0T7Y_HFT_2021221.Models.csproj", "{E0245E21-D97B-41DE-B8A1-A5BCDEF4AF55}"
EndProject
Project("{9A19103F-16F7-4668-BE54-9A1E7A4F7556}") = "RX0T7Y_HFT_2021221.Data", "RX0T7Y_HFT_2021221.Data\RX0T7Y_HFT_2021221.Data.csproj", "{D12A1ECB-F1DC-4AB5-B41D-D35DC2066FA7}"
EndProject
Project("{9A19103F-16F7-4668-BE54-9A1E7A4F7556}") = "RX0T7Y_HFT_2021221.Logic", "RX0T7Y_HFT_2021221.Logic\RX0T7Y_HFT_2021221.Logic.csproj", "{30191B49-D9AD-47F8-981C-A510F4C5A863}"
EndProject
Project("{9A19103F-16F7-4668-BE54-9A1E7A4F7556}") = "RX0T7Y_HFT_2021221.Repository", "RX0T7Y_HFT_2021221.Repository\RX0T7Y_HFT_2021221.Repository.csproj", "{80EFDADD-93F7-4DC9-BAA8-0DE1DD38E77E}"
EndProject
Project("{9A19103F-16F7-4668-BE54-9A1E7A4F7556}") = "RX0T7Y_HFT_2021221.Test", "RX0T7Y_HFT_2021221.Test\RX0T7Y_HFT_2021221.Test.csproj", "{8B53C239-C101-44E6-9DFF-C11C3EC45C33}"
EndProject
Project("{2150E333-8FDC-42A3-9474-1A3956D46DE8}") = "Backend", "Backend", "{3B7A316F-0A25-440A-839D-4D1936BB04E8}"
EndProject
Project("{2150E333-8FDC-42A3-9474-1A3956D46DE8}") = "Frontend", "Frontend", "{63AD5F31-6AC0-48E6-BF42-A98BCC70DCF3}"
EndProject
Project("{2150E333-8FDC-42A3-9474-1A3956D46DE8}") = "Shared", "Shared", "{11D6713C-A232-4D19-9271-270ADDF39997}"
EndProject
Project("{2150E333-8FDC-42A3-9474-1A3956D46DE8}") = "Others", "Others", "{721AF3CD-BACA-4D3A-9A68-DD00AFBC3A50}"
	ProjectSection(SolutionItems) = preProject
		.gitignore = .gitignore
	EndProjectSection
EndProject
Project("{9A19103F-16F7-4668-BE54-9A1E7A4F7556}") = "RX0T7Y_HFT_2021221.Endpoint", "RX0T7Y_HFT_2021221.Endpoint\RX0T7Y_HFT_2021221.Endpoint.csproj", "{D6ED07A5-55CA-4234-BF8A-9B8445F8298C}"
EndProject
Project("{FAE04EC0-301F-11D3-BF4B-00C04F79EFBC}") = "RX0T7Y_HFT_2021221.WpfClient", "RX0T7Y_HFT_2021221.WpfClient\RX0T7Y_HFT_2021221.WpfClient.csproj", "{B9739FD3-ACE9-4AF5-8F3C-5DC93F749730}"
EndProject
Global
	GlobalSection(SolutionConfigurationPlatforms) = preSolution
		Debug|Any CPU = Debug|Any CPU
		Release|Any CPU = Release|Any CPU
	EndGlobalSection
	GlobalSection(ProjectConfigurationPlatforms) = postSolution
		{48AD3838-2FB5-47F6-B126-EEE1DA79655F}.Debug|Any CPU.ActiveCfg = Debug|Any CPU
		{48AD3838-2FB5-47F6-B126-EEE1DA79655F}.Debug|Any CPU.Build.0 = Debug|Any CPU
		{48AD3838-2FB5-47F6-B126-EEE1DA79655F}.Release|Any CPU.ActiveCfg = Release|Any CPU
		{48AD3838-2FB5-47F6-B126-EEE1DA79655F}.Release|Any CPU.Build.0 = Release|Any CPU
		{E0245E21-D97B-41DE-B8A1-A5BCDEF4AF55}.Debug|Any CPU.ActiveCfg = Debug|Any CPU
		{E0245E21-D97B-41DE-B8A1-A5BCDEF4AF55}.Debug|Any CPU.Build.0 = Debug|Any CPU
		{E0245E21-D97B-41DE-B8A1-A5BCDEF4AF55}.Release|Any CPU.ActiveCfg = Release|Any CPU
		{E0245E21-D97B-41DE-B8A1-A5BCDEF4AF55}.Release|Any CPU.Build.0 = Release|Any CPU
		{D12A1ECB-F1DC-4AB5-B41D-D35DC2066FA7}.Debug|Any CPU.ActiveCfg = Debug|Any CPU
		{D12A1ECB-F1DC-4AB5-B41D-D35DC2066FA7}.Debug|Any CPU.Build.0 = Debug|Any CPU
		{D12A1ECB-F1DC-4AB5-B41D-D35DC2066FA7}.Release|Any CPU.ActiveCfg = Release|Any CPU
		{D12A1ECB-F1DC-4AB5-B41D-D35DC2066FA7}.Release|Any CPU.Build.0 = Release|Any CPU
		{30191B49-D9AD-47F8-981C-A510F4C5A863}.Debug|Any CPU.ActiveCfg = Debug|Any CPU
		{30191B49-D9AD-47F8-981C-A510F4C5A863}.Debug|Any CPU.Build.0 = Debug|Any CPU
		{30191B49-D9AD-47F8-981C-A510F4C5A863}.Release|Any CPU.ActiveCfg = Release|Any CPU
		{30191B49-D9AD-47F8-981C-A510F4C5A863}.Release|Any CPU.Build.0 = Release|Any CPU
		{80EFDADD-93F7-4DC9-BAA8-0DE1DD38E77E}.Debug|Any CPU.ActiveCfg = Debug|Any CPU
		{80EFDADD-93F7-4DC9-BAA8-0DE1DD38E77E}.Debug|Any CPU.Build.0 = Debug|Any CPU
		{80EFDADD-93F7-4DC9-BAA8-0DE1DD38E77E}.Release|Any CPU.ActiveCfg = Release|Any CPU
		{80EFDADD-93F7-4DC9-BAA8-0DE1DD38E77E}.Release|Any CPU.Build.0 = Release|Any CPU
		{8B53C239-C101-44E6-9DFF-C11C3EC45C33}.Debug|Any CPU.ActiveCfg = Debug|Any CPU
		{8B53C239-C101-44E6-9DFF-C11C3EC45C33}.Debug|Any CPU.Build.0 = Debug|Any CPU
		{8B53C239-C101-44E6-9DFF-C11C3EC45C33}.Release|Any CPU.ActiveCfg = Release|Any CPU
		{8B53C239-C101-44E6-9DFF-C11C3EC45C33}.Release|Any CPU.Build.0 = Release|Any CPU
		{D6ED07A5-55CA-4234-BF8A-9B8445F8298C}.Debug|Any CPU.ActiveCfg = Debug|Any CPU
		{D6ED07A5-55CA-4234-BF8A-9B8445F8298C}.Debug|Any CPU.Build.0 = Debug|Any CPU
		{D6ED07A5-55CA-4234-BF8A-9B8445F8298C}.Release|Any CPU.ActiveCfg = Release|Any CPU
		{D6ED07A5-55CA-4234-BF8A-9B8445F8298C}.Release|Any CPU.Build.0 = Release|Any CPU
		{B9739FD3-ACE9-4AF5-8F3C-5DC93F749730}.Debug|Any CPU.ActiveCfg = Debug|Any CPU
		{B9739FD3-ACE9-4AF5-8F3C-5DC93F749730}.Debug|Any CPU.Build.0 = Debug|Any CPU
		{B9739FD3-ACE9-4AF5-8F3C-5DC93F749730}.Release|Any CPU.ActiveCfg = Release|Any CPU
		{B9739FD3-ACE9-4AF5-8F3C-5DC93F749730}.Release|Any CPU.Build.0 = Release|Any CPU
	EndGlobalSection
	GlobalSection(SolutionProperties) = preSolution
		HideSolutionNode = FALSE
	EndGlobalSection
	GlobalSection(NestedProjects) = preSolution
		{48AD3838-2FB5-47F6-B126-EEE1DA79655F} = {63AD5F31-6AC0-48E6-BF42-A98BCC70DCF3}
		{E0245E21-D97B-41DE-B8A1-A5BCDEF4AF55} = {11D6713C-A232-4D19-9271-270ADDF39997}
		{D12A1ECB-F1DC-4AB5-B41D-D35DC2066FA7} = {3B7A316F-0A25-440A-839D-4D1936BB04E8}
		{30191B49-D9AD-47F8-981C-A510F4C5A863} = {3B7A316F-0A25-440A-839D-4D1936BB04E8}
		{80EFDADD-93F7-4DC9-BAA8-0DE1DD38E77E} = {3B7A316F-0A25-440A-839D-4D1936BB04E8}
		{8B53C239-C101-44E6-9DFF-C11C3EC45C33} = {3B7A316F-0A25-440A-839D-4D1936BB04E8}
		{D6ED07A5-55CA-4234-BF8A-9B8445F8298C} = {3B7A316F-0A25-440A-839D-4D1936BB04E8}
	EndGlobalSection
	GlobalSection(ExtensibilityGlobals) = postSolution
		SolutionGuid = {AF135E00-4241-46EC-997A-9E6D42CFBD30}
	EndGlobalSection
EndGlobal
